{
  "name": "node-canvas-svg-test",
  "version": "1.0.0",
  "lockfileVersion": 1,
  "requires": true,
  "dependencies": {
    "canvas": {
      "version": "2.0.0-alpha.5",
      "resolved": "https://registry.npmjs.org/canvas/-/canvas-2.0.0-alpha.5.tgz",
      "integrity": "sha512-ozqQOXoydM3dg+k/0aJ1IfmogVAIPtTby9bHRkR0LsD+OnRvH/pdYngbkxBxi5FCifnpSXp3YLTVlTJ5sCeFYw==",
      "requires": {
        "nan": "2.12.1"
      }
    },
    "nan": {
      "version": "2.12.1",
      "resolved": "https://registry.npmjs.org/nan/-/nan-2.12.1.tgz",
      "integrity": "sha512-JY7V6lRkStKcKTvHO5NVSQRv+RV+FIL5pvDoLiAtSL9pKlC5x9PKQcZDsq7m4FO4d57mkhC6Z+QhAh3Jdk5JFw=="
    }
  }
}
